# THIS IS AN AUTOGENERATED FILE. DO NOT EDIT THIS FILE DIRECTLY.
# yarn lockfile v1


nco@1.0.1:
  version "1.0.1"
  resolved "https://registry.yarnpkg.com/nco/-/nco-1.0.1.tgz#868de423b4f45f8c05555f1ccb28aa788be06c52"
  integrity sha512-tjlHSkSvVzRGeBXIOimMTA2J3ZUP9LLUvqv+JeBLGAseZP1syF/LgetKNJ8zMiXosuKJHx7/KSIv8UDyKXoeKQ==

semver@5.4.1:
  version "5.4.1"
  resolved "https://registry.yarnpkg.com/semver/-/semver-5.4.1.tgz#e059c09d8571f0540823733433505d3a2f00b18e"
  integrity sha512-WfG/X9+oATh81XtllIo/I8gOiY9EXRdv1cQdyykeXK17YcUW3EXUAi2To4pcH6nZtJPr7ZOpM5OMyWJZm+8Rsg==

serverless-plugin-log-retention@^2.0.0:
  version "2.0.0"
  resolved "https://registry.yarnpkg.com/serverless-plugin-log-retention/-/serverless-plugin-log-retention-2.0.0.tgz#da0b5b6d01a5b19c6fd6d3e0e36642f1fc5739ad"
  integrity sha512-TXKMfLdVxhamyaDbqr+gwjIeiqSnDw3z+bZQy0W2ctRpcedUY8hg58wwMZqAFyMS3QekHT9srCe4Qv7lfPwkGw==
  dependencies:
    nco "1.0.1"
    semver "5.4.1"
